
Microsoft Visual Studio Solution File, Format Version 12.00
# Visual Studio Version 16
VisualStudioVersion = 16.0.30225.117
MinimumVisualStudioVersion = 10.0.40219.1
Project("{FAE04EC0-301F-11D3-BF4B-00C04F79EFBC}") = "Clases", "Clases\Clases.csproj", "{ED0D0B92-4D06-4A86-9D72-4898D3AB88BC}"
EndProject
Project("{FAE04EC0-301F-11D3-BF4B-00C04F79EFBC}") = "Formularios", "Formularios\Formularios.csproj", "{C89A8EF9-5497-41FD-B2DC-75956F8DD385}"
EndProject
Global
	GlobalSection(SolutionConfigurationPlatforms) = preSolution
		Debug|Any CPU = Debug|Any CPU
		Release|Any CPU = Release|Any CPU
	EndGlobalSection
	GlobalSection(ProjectConfigurationPlatforms) = postSolution
		{ED0D0B92-4D06-4A86-9D72-4898D3AB88BC}.Debug|Any CPU.ActiveCfg = Debug|Any CPU
		{ED0D0B92-4D06-4A86-9D72-4898D3AB88BC}.Debug|Any CPU.Build.0 = Debug|Any CPU
		{ED0D0B92-4D06-4A86-9D72-4898D3AB88BC}.Release|Any CPU.ActiveCfg = Release|Any CPU
		{ED0D0B92-4D06-4A86-9D72-4898D3AB88BC}.Release|Any CPU.Build.0 = Release|Any CPU
		{C89A8EF9-5497-41FD-B2DC-75956F8DD385}.Debug|Any CPU.ActiveCfg = Debug|Any CPU
		{C89A8EF9-5497-41FD-B2DC-75956F8DD385}.Debug|Any CPU.Build.0 = Debug|Any CPU
		{C89A8EF9-5497-41FD-B2DC-75956F8DD385}.Release|Any CPU.ActiveCfg = Release|Any CPU
		{C89A8EF9-5497-41FD-B2DC-75956F8DD385}.Release|Any CPU.Build.0 = Release|Any CPU
	EndGlobalSection
	GlobalSection(SolutionProperties) = preSolution
		HideSolutionNode = FALSE
	EndGlobalSection
	GlobalSection(ExtensibilityGlobals) = postSolution
		SolutionGuid = {84192675-7C3E-4D41-839B-5DA28C05A50D}
	EndGlobalSection
EndGlobal
